
Microsoft Visual Studio Solution File, Format Version 12.00
# Visual Studio Version 17
VisualStudioVersion = 17.5.33516.290
MinimumVisualStudioVersion = 10.0.40219.1
Project("{FAE04EC0-301F-11D3-BF4B-00C04F79EFBC}") = "Cimber.Scraper", "Cimber.Scraper\Cimber.Scraper.csproj", "{98CE64BD-4651-430D-B66F-4376FA407BCF}"
EndProject
Global
	GlobalSection(SolutionConfigurationPlatforms) = preSolution
		Debug|Any CPU = Debug|Any CPU
		Release|Any CPU = Release|Any CPU
	EndGlobalSection
	GlobalSection(ProjectConfigurationPlatforms) = postSolution
		{98CE64BD-4651-430D-B66F-4376FA407BCF}.Debug|Any CPU.ActiveCfg = Debug|Any CPU
		{98CE64BD-4651-430D-B66F-4376FA407BCF}.Debug|Any CPU.Build.0 = Debug|Any CPU
		{98CE64BD-4651-430D-B66F-4376FA407BCF}.Release|Any CPU.ActiveCfg = Release|Any CPU
		{98CE64BD-4651-430D-B66F-4376FA407BCF}.Release|Any CPU.Build.0 = Release|Any CPU
	EndGlobalSection
	GlobalSection(SolutionProperties) = preSolution
		HideSolutionNode = FALSE
	EndGlobalSection
	GlobalSection(ExtensibilityGlobals) = postSolution
		SolutionGuid = {4D822448-1505-4497-B604-86DA72C4972F}
	EndGlobalSection
EndGlobal
